
Microsoft Visual Studio Solution File, Format Version 12.00
# Visual Studio Version 16
VisualStudioVersion = 16.0.31129.286
MinimumVisualStudioVersion = 10.0.40219.1
Project("{FAE04EC0-301F-11D3-BF4B-00C04F79EFBC}") = "Masivi", "Masivi\Masivi.csproj", "{9F75F6E1-DAF0-4A49-BEB6-3736E14C2DEC}"
EndProject
Global
	GlobalSection(SolutionConfigurationPlatforms) = preSolution
		Debug|Any CPU = Debug|Any CPU
		Release|Any CPU = Release|Any CPU
	EndGlobalSection
	GlobalSection(ProjectConfigurationPlatforms) = postSolution
		{9F75F6E1-DAF0-4A49-BEB6-3736E14C2DEC}.Debug|Any CPU.ActiveCfg = Debug|Any CPU
		{9F75F6E1-DAF0-4A49-BEB6-3736E14C2DEC}.Debug|Any CPU.Build.0 = Debug|Any CPU
		{9F75F6E1-DAF0-4A49-BEB6-3736E14C2DEC}.Release|Any CPU.ActiveCfg = Release|Any CPU
		{9F75F6E1-DAF0-4A49-BEB6-3736E14C2DEC}.Release|Any CPU.Build.0 = Release|Any CPU
	EndGlobalSection
	GlobalSection(SolutionProperties) = preSolution
		HideSolutionNode = FALSE
	EndGlobalSection
	GlobalSection(ExtensibilityGlobals) = postSolution
		SolutionGuid = {D1A0B4EC-6C44-4A8D-BFE2-BF7EB2E5009C}
	EndGlobalSection
EndGlobal
